// !$*UTF8*$!
{
	archiveVersion = 1;
	classes = {
	};
	objectVersion = 50;
	objects = {

/* Begin PBXBuildFile section */
		023C6763262F3C740004C656 /* SearchViewController.swift in Sources */ = {isa = PBXBuildFile; fileRef = 023C6762262F3C740004C656 /* SearchViewController.swift */; };
		028013C7262B86D0009AA742 /* CatalogueCell.swift in Sources */ = {isa = PBXBuildFile; fileRef = 028013C6262B86D0009AA742 /* CatalogueCell.swift */; };
		028013CF262B8ECF009AA742 /* YOLOv3Tiny.mlmodel in Sources */ = {isa = PBXBuildFile; fileRef = 028013CE262B8ECF009AA742 /* YOLOv3Tiny.mlmodel */; };
		02A55584262E32C3006B598F /* MainViewController.swift in Sources */ = {isa = PBXBuildFile; fileRef = 02A55583262E32C3006B598F /* MainViewController.swift */; };
		02C3E3D5262A112B007EFEB0 /* AppDelegate.swift in Sources */ = {isa = PBXBuildFile; fileRef = 02C3E3D4262A112B007EFEB0 /* AppDelegate.swift */; };
		02C3E3D7262A112B007EFEB0 /* SceneDelegate.swift in Sources */ = {isa = PBXBuildFile; fileRef = 02C3E3D6262A112B007EFEB0 /* SceneDelegate.swift */; };
		02C3E3D9262A112B007EFEB0 /* CatalogueViewController.swift in Sources */ = {isa = PBXBuildFile; fileRef = 02C3E3D8262A112B007EFEB0 /* CatalogueViewController.swift */; };
		02C3E3DC262A112C007EFEB0 /* Main.storyboard in Resources */ = {isa = PBXBuildFile; fileRef = 02C3E3DA262A112C007EFEB0 /* Main.storyboard */; };
		02C3E3DE262A112D007EFEB0 /* Assets.xcassets in Resources */ = {isa = PBXBuildFile; fileRef = 02C3E3DD262A112D007EFEB0 /* Assets.xcassets */; };
		02C3E3E1262A112D007EFEB0 /* LaunchScreen.storyboard in Resources */ = {isa = PBXBuildFile; fileRef = 02C3E3DF262A112D007EFEB0 /* LaunchScreen.storyboard */; };
/* End PBXBuildFile section */

/* Begin PBXFileReference section */
		023C6762262F3C740004C656 /* SearchViewController.swift */ = {isa = PBXFileReference; lastKnownFileType = sourcecode.swift; path = SearchViewController.swift; sourceTree = "<group>"; };
		028013C6262B86D0009AA742 /* CatalogueCell.swift */ = {isa = PBXFileReference; lastKnownFileType = sourcecode.swift; path = CatalogueCell.swift; sourceTree = "<group>"; };
		028013CE262B8ECF009AA742 /* YOLOv3Tiny.mlmodel */ = {isa = PBXFileReference; lastKnownFileType = file.mlmodel; path = YOLOv3Tiny.mlmodel; sourceTree = "<group>"; };
		02A55583262E32C3006B598F /* MainViewController.swift */ = {isa = PBXFileReference; lastKnownFileType = sourcecode.swift; path = MainViewController.swift; sourceTree = "<group>"; };
		02C3E3D1262A112B007EFEB0 /* machine-learning-yolo-tinyv3.app */ = {isa = PBXFileReference; explicitFileType = wrapper.application; includeInIndex = 0; path = "machine-learning-yolo-tinyv3.app"; sourceTree = BUILT_PRODUCTS_DIR; };
		02C3E3D4262A112B007EFEB0 /* AppDelegate.swift */ = {isa = PBXFileReference; lastKnownFileType = sourcecode.swift; path = AppDelegate.swift; sourceTree = "<group>"; };
		02C3E3D6262A112B007EFEB0 /* SceneDelegate.swift */ = {isa = PBXFileReference; lastKnownFileType = sourcecode.swift; path = SceneDelegate.swift; sourceTree = "<group>"; };
		02C3E3D8262A112B007EFEB0 /* CatalogueViewController.swift */ = {isa = PBXFileReference; lastKnownFileType = sourcecode.swift; path = CatalogueViewController.swift; sourceTree = "<group>"; };
		02C3E3DB262A112C007EFEB0 /* Base */ = {isa = PBXFileReference; lastKnownFileType = file.storyboard; name = Base; path = Base.lproj/Main.storyboard; sourceTree = "<group>"; };
		02C3E3DD262A112D007EFEB0 /* Assets.xcassets */ = {isa = PBXFileReference; lastKnownFileType = folder.assetcatalog; path = Assets.xcassets; sourceTree = "<group>"; };
		02C3E3E0262A112D007EFEB0 /* Base */ = {isa = PBXFileReference; lastKnownFileType = file.storyboard; name = Base; path = Base.lproj/LaunchScreen.storyboard; sourceTree = "<group>"; };
		02C3E3E2262A112D007EFEB0 /* Info.plist */ = {isa = PBXFileReference; lastKnownFileType = text.plist.xml; path = Info.plist; sourceTree = "<group>"; };
/* End PBXFileReference section */

/* Begin PBXFrameworksBuildPhase section */
		02C3E3CE262A112B007EFEB0 /* Frameworks */ = {
			isa = PBXFrameworksBuildPhase;
			buildActionMask = 2147483647;
			files = (
			);
			runOnlyForDeploymentPostprocessing = 0;
		};
/* End PBXFrameworksBuildPhase section */

/* Begin PBXGroup section */
		028013C4262B853F009AA742 /* CatalogueView */ = {
			isa = PBXGroup;
			children = (
				028013C6262B86D0009AA742 /* CatalogueCell.swift */,
				02C3E3D8262A112B007EFEB0 /* CatalogueViewController.swift */,
			);
			path = CatalogueView;
			sourceTree = "<group>";
		};
		028013CA262B8EAA009AA742 /* Models */ = {
			isa = PBXGroup;
			children = (
				028013CE262B8ECF009AA742 /* YOLOv3Tiny.mlmodel */,
			);
			path = Models;
			sourceTree = "<group>";
		};
		02A55582262E3287006B598F /* ViewModels */ = {
			isa = PBXGroup;
			children = (
				02C3E3DF262A112D007EFEB0 /* LaunchScreen.storyboard */,
			);
			path = ViewModels;
			sourceTree = "<group>";
		};
		02A55588262E32D4006B598F /* Views */ = {
			isa = PBXGroup;
			children = (
				028013C4262B853F009AA742 /* CatalogueView */,
				02A55583262E32C3006B598F /* MainViewController.swift */,
				023C6762262F3C740004C656 /* SearchViewController.swift */,
			);
			path = Views;
			sourceTree = "<group>";
		};
		02C3E3C8262A112B007EFEB0 = {
			isa = PBXGroup;
			children = (
				02C3E3D3262A112B007EFEB0 /* machine-learning-yolo-tinyv3 */,
				02C3E3D2262A112B007EFEB0 /* Products */,
			);
			sourceTree = "<group>";
		};
		02C3E3D2262A112B007EFEB0 /* Products */ = {
			isa = PBXGroup;
			children = (
				02C3E3D1262A112B007EFEB0 /* machine-learning-yolo-tinyv3.app */,
			);
			name = Products;
			sourceTree = "<group>";
		};
		02C3E3D3262A112B007EFEB0 /* machine-learning-yolo-tinyv3 */ = {
			isa = PBXGroup;
			children = (
				028013CA262B8EAA009AA742 /* Models */,
				02A55582262E3287006B598F /* ViewModels */,
				02A55588262E32D4006B598F /* Views */,
				02C3E3D4262A112B007EFEB0 /* AppDelegate.swift */,
				02C3E3D6262A112B007EFEB0 /* SceneDelegate.swift */,
				02C3E3DA262A112C007EFEB0 /* Main.storyboard */,
				02C3E3DD262A112D007EFEB0 /* Assets.xcassets */,
				02C3E3E2262A112D007EFEB0 /* Info.plist */,
			);
			path = "machine-learning-yolo-tinyv3";
			sourceTree = "<group>";
		};
/* End PBXGroup section */

/* Begin PBXNativeTarget section */
		02C3E3D0262A112B007EFEB0 /* machine-learning-yolo-tinyv3 */ = {
			isa = PBXNativeTarget;
			buildConfigurationList = 02C3E3E5262A112D007EFEB0 /* Build configuration list for PBXNativeTarget "machine-learning-yolo-tinyv3" */;
			buildPhases = (
				02C3E3CD262A112B007EFEB0 /* Sources */,
				02C3E3CE262A112B007EFEB0 /* Frameworks */,
				02C3E3CF262A112B007EFEB0 /* Resources */,
			);
			buildRules = (
			);
			dependencies = (
			);
			name = "machine-learning-yolo-tinyv3";
			productName = "machine-learning-yolo-tinyv3";
			productReference = 02C3E3D1262A112B007EFEB0 /* machine-learning-yolo-tinyv3.app */;
			productType = "com.apple.product-type.application";
		};
/* End PBXNativeTarget section */

/* Begin PBXProject section */
		02C3E3C9262A112B007EFEB0 /* Project object */ = {
			isa = PBXProject;
			attributes = {
				LastSwiftUpdateCheck = 1220;
				LastUpgradeCheck = 1220;
				TargetAttributes = {
					02C3E3D0262A112B007EFEB0 = {
						CreatedOnToolsVersion = 12.2;
					};
				};
			};
			buildConfigurationList = 02C3E3CC262A112B007EFEB0 /* Build configuration list for PBXProject "machine-learning-yolo-tinyv3" */;
			compatibilityVersion = "Xcode 9.3";
			developmentRegion = en;
			hasScannedForEncodings = 0;
			knownRegions = (
				en,
				Base,
			);
			mainGroup = 02C3E3C8262A112B007EFEB0;
			productRefGroup = 02C3E3D2262A112B007EFEB0 /* Products */;
			projectDirPath = "";
			projectRoot = "";
			targets = (
				02C3E3D0262A112B007EFEB0 /* machine-learning-yolo-tinyv3 */,
			);
		};
/* End PBXProject section */

/* Begin PBXResourcesBuildPhase section */
		02C3E3CF262A112B007EFEB0 /* Resources */ = {
			isa = PBXResourcesBuildPhase;
			buildActionMask = 2147483647;
			files = (
				02C3E3E1262A112D007EFEB0 /* LaunchScreen.storyboard in Resources */,
				02C3E3DE262A112D007EFEB0 /* Assets.xcassets in Resources */,
				02C3E3DC262A112C007EFEB0 /* Main.storyboard in Resources */,
			);
			runOnlyForDeploymentPostprocessing = 0;
		};
/* End PBXResourcesBuildPhase section */

/* Begin PBXSourcesBuildPhase section */
		02C3E3CD262A112B007EFEB0 /* Sources */ = {
			isa = PBXSourcesBuildPhase;
			buildActionMask = 2147483647;
			files = (
				02C3E3D9262A112B007EFEB0 /* CatalogueViewController.swift in Sources */,
				023C6763262F3C740004C656 /* SearchViewController.swift in Sources */,
				02C3E3D5262A112B007EFEB0 /* AppDelegate.swift in Sources */,
				028013CF262B8ECF009AA742 /* YOLOv3Tiny.mlmodel in Sources */,
				02C3E3D7262A112B007EFEB0 /* SceneDelegate.swift in Sources */,
				028013C7262B86D0009AA742 /* CatalogueCell.swift in Sources */,
				02A55584262E32C3006B598F /* MainViewController.swift in Sources */,
			);
			runOnlyForDeploymentPostprocessing = 0;
		};
/* End PBXSourcesBuildPhase section */

/* Begin PBXVariantGroup section */
		02C3E3DA262A112C007EFEB0 /* Main.storyboard */ = {
			isa = PBXVariantGroup;
			children = (
				02C3E3DB262A112C007EFEB0 /* Base */,
			);
			name = Main.storyboard;
			sourceTree = "<group>";
		};
		02C3E3DF262A112D007EFEB0 /* LaunchScreen.storyboard */ = {
			isa = PBXVariantGroup;
			children = (
				02C3E3E0262A112D007EFEB0 /* Base */,
			);
			name = LaunchScreen.storyboard;
			sourceTree = "<group>";
		};
/* End PBXVariantGroup section */

/* Begin XCBuildConfiguration section */
		02C3E3E3262A112D007EFEB0 /* Debug */ = {
			isa = XCBuildConfiguration;
			buildSettings = {
				ALWAYS_SEARCH_USER_PATHS = NO;
				CLANG_ANALYZER_NONNULL = YES;
				CLANG_ANALYZER_NUMBER_OBJECT_CONVERSION = YES_AGGRESSIVE;
				CLANG_CXX_LANGUAGE_STANDARD = "gnu++14";
				CLANG_CXX_LIBRARY = "libc++";
				CLANG_ENABLE_MODULES = YES;
				CLANG_ENABLE_OBJC_ARC = YES;
				CLANG_ENABLE_OBJC_WEAK = YES;
				CLANG_WARN_BLOCK_CAPTURE_AUTORELEASING = YES;
				CLANG_WARN_BOOL_CONVERSION = YES;
				CLANG_WARN_COMMA = YES;
				CLANG_WARN_CONSTANT_CONVERSION = YES;
				CLANG_WARN_DEPRECATED_OBJC_IMPLEMENTATIONS = YES;
				CLANG_WARN_DIRECT_OBJC_ISA_USAGE = YES_ERROR;
				CLANG_WARN_DOCUMENTATION_COMMENTS = YES;
				CLANG_WARN_EMPTY_BODY = YES;
				CLANG_WARN_ENUM_CONVERSION = YES;
				CLANG_WARN_INFINITE_RECURSION = YES;
				CLANG_WARN_INT_CONVERSION = YES;
				CLANG_WARN_NON_LITERAL_NULL_CONVERSION = YES;
				CLANG_WARN_OBJC_IMPLICIT_RETAIN_SELF = YES;
				CLANG_WARN_OBJC_LITERAL_CONVERSION = YES;
				CLANG_WARN_OBJC_ROOT_CLASS = YES_ERROR;
				CLANG_WARN_QUOTED_INCLUDE_IN_FRAMEWORK_HEADER = YES;
				CLANG_WARN_RANGE_LOOP_ANALYSIS = YES;
				CLANG_WARN_STRICT_PROTOTYPES = YES;
				CLANG_WARN_SUSPICIOUS_MOVE = YES;
				CLANG_WARN_UNGUARDED_AVAILABILITY = YES_AGGRESSIVE;
				CLANG_WARN_UNREACHABLE_CODE = YES;
				CLANG_WARN__DUPLICATE_METHOD_MATCH = YES;
				COPY_PHASE_STRIP = NO;
				DEBUG_INFORMATION_FORMAT = dwarf;
				ENABLE_STRICT_OBJC_MSGSEND = YES;
				ENABLE_TESTABILITY = YES;
				GCC_C_LANGUAGE_STANDARD = gnu11;
				GCC_DYNAMIC_NO_PIC = NO;
				GCC_NO_COMMON_BLOCKS = YES;
				GCC_OPTIMIZATION_LEVEL = 0;
				GCC_PREPROCESSOR_DEFINITIONS = (
					"DEBUG=1",
					"$(inherited)",
				);
				GCC_WARN_64_TO_32_BIT_CONVERSION = YES;
				GCC_WARN_ABOUT_RETURN_TYPE = YES_ERROR;
				GCC_WARN_UNDECLARED_SELECTOR = YES;
				GCC_WARN_UNINITIALIZED_AUTOS = YES_AGGRESSIVE;
				GCC_WARN_UNUSED_FUNCTION = YES;
				GCC_WARN_UNUSED_VARIABLE = YES;
				IPHONEOS_DEPLOYMENT_TARGET = 14.2;
				MTL_ENABLE_DEBUG_INFO = INCLUDE_SOURCE;
				MTL_FAST_MATH = YES;
				ONLY_ACTIVE_ARCH = YES;
				SDKROOT = iphoneos;
				SWIFT_ACTIVE_COMPILATION_CONDITIONS = DEBUG;
				SWIFT_OPTIMIZATION_LEVEL = "-Onone";
			};
			name = Debug;
		};
		02C3E3E4262A112D007EFEB0 /* Release */ = {
			isa = XCBuildConfiguration;
			buildSettings = {
				ALWAYS_SEARCH_USER_PATHS = NO;
				CLANG_ANALYZER_NONNULL = YES;
				CLANG_ANALYZER_NUMBER_OBJECT_CONVERSION = YES_AGGRESSIVE;
				CLANG_CXX_LANGUAGE_STANDARD = "gnu++14";
				CLANG_CXX_LIBRARY = "libc++";
				CLANG_ENABLE_MODULES = YES;
				CLANG_ENABLE_OBJC_ARC = YES;
				CLANG_ENABLE_OBJC_WEAK = YES;
				CLANG_WARN_BLOCK_CAPTURE_AUTORELEASING = YES;
				CLANG_WARN_BOOL_CONVERSION = YES;
				CLANG_WARN_COMMA = YES;
				CLANG_WARN_CONSTANT_CONVERSION = YES;
				CLANG_WARN_DEPRECATED_OBJC_IMPLEMENTATIONS = YES;
				CLANG_WARN_DIRECT_OBJC_ISA_USAGE = YES_ERROR;
				CLANG_WARN_DOCUMENTATION_COMMENTS = YES;
				CLANG_WARN_EMPTY_BODY = YES;
				CLANG_WARN_ENUM_CONVERSION = YES;
				CLANG_WARN_INFINITE_RECURSION = YES;
				CLANG_WARN_INT_CONVERSION = YES;
				CLANG_WARN_NON_LITERAL_NULL_CONVERSION = YES;
				CLANG_WARN_OBJC_IMPLICIT_RETAIN_SELF = YES;
				CLANG_WARN_OBJC_LITERAL_CONVERSION = YES;
				CLANG_WARN_OBJC_ROOT_CLASS = YES_ERROR;
				CLANG_WARN_QUOTED_INCLUDE_IN_FRAMEWORK_HEADER = YES;
				CLANG_WARN_RANGE_LOOP_ANALYSIS = YES;
				CLANG_WARN_STRICT_PROTOTYPES = YES;
				CLANG_WARN_SUSPICIOUS_MOVE = YES;
				CLANG_WARN_UNGUARDED_AVAILABILITY = YES_AGGRESSIVE;
				CLANG_WARN_UNREACHABLE_CODE = YES;
				CLANG_WARN__DUPLICATE_METHOD_MATCH = YES;
				COPY_PHASE_STRIP = NO;
				DEBUG_INFORMATION_FORMAT = "dwarf-with-dsym";
				ENABLE_NS_ASSERTIONS = NO;
				ENABLE_STRICT_OBJC_MSGSEND = YES;
				GCC_C_LANGUAGE_STANDARD = gnu11;
				GCC_NO_COMMON_BLOCKS = YES;
				GCC_WARN_64_TO_32_BIT_CONVERSION = YES;
				GCC_WARN_ABOUT_RETURN_TYPE = YES_ERROR;
				GCC_WARN_UNDECLARED_SELECTOR = YES;
				GCC_WARN_UNINITIALIZED_AUTOS = YES_AGGRESSIVE;
				GCC_WARN_UNUSED_FUNCTION = YES;
				GCC_WARN_UNUSED_VARIABLE = YES;
				IPHONEOS_DEPLOYMENT_TARGET = 14.2;
				MTL_ENABLE_DEBUG_INFO = NO;
				MTL_FAST_MATH = YES;
				SDKROOT = iphoneos;
				SWIFT_COMPILATION_MODE = wholemodule;
				SWIFT_OPTIMIZATION_LEVEL = "-O";
				VALIDATE_PRODUCT = YES;
			};
			name = Release;
		};
		02C3E3E6262A112D007EFEB0 /* Debug */ = {
			isa = XCBuildConfiguration;
			buildSettings = {
				ASSETCATALOG_COMPILER_APPICON_NAME = AppIcon;
				ASSETCATALOG_COMPILER_GLOBAL_ACCENT_COLOR_NAME = AccentColor;
				CODE_SIGN_STYLE = Automatic;
				INFOPLIST_FILE = "machine-learning-yolo-tinyv3/Info.plist";
				LD_RUNPATH_SEARCH_PATHS = (
					"$(inherited)",
					"@executable_path/Frameworks",
				);
				PRODUCT_BUNDLE_IDENTIFIER = "com.nostapps.machine-learning-yolo-tinyv3";
				PRODUCT_NAME = "$(TARGET_NAME)";
				SWIFT_VERSION = 5.0;
				TARGETED_DEVICE_FAMILY = "1,2";
			};
			name = Debug;
		};
		02C3E3E7262A112D007EFEB0 /* Release */ = {
			isa = XCBuildConfiguration;
			buildSettings = {
				ASSETCATALOG_COMPILER_APPICON_NAME = AppIcon;
				ASSETCATALOG_COMPILER_GLOBAL_ACCENT_COLOR_NAME = AccentColor;
				CODE_SIGN_STYLE = Automatic;
				INFOPLIST_FILE = "machine-learning-yolo-tinyv3/Info.plist";
				LD_RUNPATH_SEARCH_PATHS = (
					"$(inherited)",
					"@executable_path/Frameworks",
				);
				PRODUCT_BUNDLE_IDENTIFIER = "com.nostapps.machine-learning-yolo-tinyv3";
				PRODUCT_NAME = "$(TARGET_NAME)";
				SWIFT_VERSION = 5.0;
				TARGETED_DEVICE_FAMILY = "1,2";
			};
			name = Release;
		};
/* End XCBuildConfiguration section */

/* Begin XCConfigurationList section */
		02C3E3CC262A112B007EFEB0 /* Build configuration list for PBXProject "machine-learning-yolo-tinyv3" */ = {
			isa = XCConfigurationList;
			buildConfigurations = (
				02C3E3E3262A112D007EFEB0 /* Debug */,
				02C3E3E4262A112D007EFEB0 /* Release */,
			);
			defaultConfigurationIsVisible = 0;
			defaultConfigurationName = Release;
		};
		02C3E3E5262A112D007EFEB0 /* Build configuration list for PBXNativeTarget "machine-learning-yolo-tinyv3" */ = {
			isa = XCConfigurationList;
			buildConfigurations = (
				02C3E3E6262A112D007EFEB0 /* Debug */,
				02C3E3E7262A112D007EFEB0 /* Release */,
			);
			defaultConfigurationIsVisible = 0;
			defaultConfigurationName = Release;
		};
/* End XCConfigurationList section */
	};
	rootObject = 02C3E3C9262A112B007EFEB0 /* Project object */;
}
